
Microsoft Visual Studio Solution File, Format Version 12.00
# Visual Studio Version 17
VisualStudioVersion = 17.7.34024.191
MinimumVisualStudioVersion = 10.0.40219.1
Project("{9A19103F-16F7-4668-BE54-9A1E7A4F7556}") = "BibliotecaDigital.Data", "BibliotecaDigital.Data\BibliotecaDigital.Data.csproj", "{57CFA6E7-0CC2-4DD4-8D8B-B66978C7D1FB}"
EndProject
Project("{9A19103F-16F7-4668-BE54-9A1E7A4F7556}") = "Biblioteca.Web", "Biblioteca.Web\Biblioteca.Web.csproj", "{FA4EDDFD-CB22-4105-8D93-B01706F0746E}"
EndProject
Project("{FAE04EC0-301F-11D3-BF4B-00C04F79EFBC}") = "BibliotecaDigitall.Test", "BibliotecaDigitall.Test\BibliotecaDigitall.Test.csproj", "{86088C9A-6FFC-4EB4-95F6-9387CF3D60FC}"
EndProject
Project("{2150E333-8FDC-42A3-9474-1A3956D46DE8}") = "source", "source", "{24CA379B-48FC-4B67-B5E3-0200CDC2D3A8}"
EndProject
Project("{2150E333-8FDC-42A3-9474-1A3956D46DE8}") = "Core", "Core", "{83666758-1B6D-47FB-B37A-F8E609732836}"
EndProject
Project("{2150E333-8FDC-42A3-9474-1A3956D46DE8}") = "Infrastructure", "Infrastructure", "{66FFBE0B-1C91-4811-95BE-19923F0140CC}"
EndProject
Project("{2150E333-8FDC-42A3-9474-1A3956D46DE8}") = "Presentation", "Presentation", "{87A1B2F1-E439-45A8-8E38-ECDE5A58FFED}"
EndProject
Project("{FAE04EC0-301F-11D3-BF4B-00C04F79EFBC}") = "BibliotecaDigital.Core.Domain", "BibliotecaDigital.Core.Domain\BibliotecaDigital.Core.Domain.csproj", "{BAFD8AA3-7DFF-415F-ADDB-4887CF06E002}"
EndProject
Project("{FAE04EC0-301F-11D3-BF4B-00C04F79EFBC}") = "BibliotecaDigital.Core.Aplication", "BibliotecaDigital.Core.Aplication\BibliotecaDigital.Core.Aplication.csproj", "{9AC733EF-3EBF-4CAA-A462-E28320BF5356}"
EndProject
Project("{FAE04EC0-301F-11D3-BF4B-00C04F79EFBC}") = "BibliotecaDigital.Infrastructure.Persistence", "BibliotecaDigital.Infrastructure.Persistence\BibliotecaDigital.Infrastructure.Persistence.csproj", "{27B29608-62C3-42EF-B04E-E18791AEA0A1}"
EndProject
Global
	GlobalSection(SolutionConfigurationPlatforms) = preSolution
		Debug|Any CPU = Debug|Any CPU
		Release|Any CPU = Release|Any CPU
	EndGlobalSection
	GlobalSection(ProjectConfigurationPlatforms) = postSolution
		{57CFA6E7-0CC2-4DD4-8D8B-B66978C7D1FB}.Debug|Any CPU.ActiveCfg = Debug|Any CPU
		{57CFA6E7-0CC2-4DD4-8D8B-B66978C7D1FB}.Debug|Any CPU.Build.0 = Debug|Any CPU
		{57CFA6E7-0CC2-4DD4-8D8B-B66978C7D1FB}.Release|Any CPU.ActiveCfg = Release|Any CPU
		{57CFA6E7-0CC2-4DD4-8D8B-B66978C7D1FB}.Release|Any CPU.Build.0 = Release|Any CPU
		{FA4EDDFD-CB22-4105-8D93-B01706F0746E}.Debug|Any CPU.ActiveCfg = Debug|Any CPU
		{FA4EDDFD-CB22-4105-8D93-B01706F0746E}.Debug|Any CPU.Build.0 = Debug|Any CPU
		{FA4EDDFD-CB22-4105-8D93-B01706F0746E}.Release|Any CPU.ActiveCfg = Release|Any CPU
		{FA4EDDFD-CB22-4105-8D93-B01706F0746E}.Release|Any CPU.Build.0 = Release|Any CPU
		{86088C9A-6FFC-4EB4-95F6-9387CF3D60FC}.Debug|Any CPU.ActiveCfg = Debug|Any CPU
		{86088C9A-6FFC-4EB4-95F6-9387CF3D60FC}.Debug|Any CPU.Build.0 = Debug|Any CPU
		{86088C9A-6FFC-4EB4-95F6-9387CF3D60FC}.Release|Any CPU.ActiveCfg = Release|Any CPU
		{86088C9A-6FFC-4EB4-95F6-9387CF3D60FC}.Release|Any CPU.Build.0 = Release|Any CPU
		{BAFD8AA3-7DFF-415F-ADDB-4887CF06E002}.Debug|Any CPU.ActiveCfg = Debug|Any CPU
		{BAFD8AA3-7DFF-415F-ADDB-4887CF06E002}.Debug|Any CPU.Build.0 = Debug|Any CPU
		{BAFD8AA3-7DFF-415F-ADDB-4887CF06E002}.Release|Any CPU.ActiveCfg = Release|Any CPU
		{BAFD8AA3-7DFF-415F-ADDB-4887CF06E002}.Release|Any CPU.Build.0 = Release|Any CPU
		{9AC733EF-3EBF-4CAA-A462-E28320BF5356}.Debug|Any CPU.ActiveCfg = Debug|Any CPU
		{9AC733EF-3EBF-4CAA-A462-E28320BF5356}.Debug|Any CPU.Build.0 = Debug|Any CPU
		{9AC733EF-3EBF-4CAA-A462-E28320BF5356}.Release|Any CPU.ActiveCfg = Release|Any CPU
		{9AC733EF-3EBF-4CAA-A462-E28320BF5356}.Release|Any CPU.Build.0 = Release|Any CPU
		{27B29608-62C3-42EF-B04E-E18791AEA0A1}.Debug|Any CPU.ActiveCfg = Debug|Any CPU
		{27B29608-62C3-42EF-B04E-E18791AEA0A1}.Debug|Any CPU.Build.0 = Debug|Any CPU
		{27B29608-62C3-42EF-B04E-E18791AEA0A1}.Release|Any CPU.ActiveCfg = Release|Any CPU
		{27B29608-62C3-42EF-B04E-E18791AEA0A1}.Release|Any CPU.Build.0 = Release|Any CPU
	EndGlobalSection
	GlobalSection(SolutionProperties) = preSolution
		HideSolutionNode = FALSE
	EndGlobalSection
	GlobalSection(NestedProjects) = preSolution
		{FA4EDDFD-CB22-4105-8D93-B01706F0746E} = {87A1B2F1-E439-45A8-8E38-ECDE5A58FFED}
		{83666758-1B6D-47FB-B37A-F8E609732836} = {24CA379B-48FC-4B67-B5E3-0200CDC2D3A8}
		{66FFBE0B-1C91-4811-95BE-19923F0140CC} = {24CA379B-48FC-4B67-B5E3-0200CDC2D3A8}
		{87A1B2F1-E439-45A8-8E38-ECDE5A58FFED} = {24CA379B-48FC-4B67-B5E3-0200CDC2D3A8}
		{BAFD8AA3-7DFF-415F-ADDB-4887CF06E002} = {83666758-1B6D-47FB-B37A-F8E609732836}
		{9AC733EF-3EBF-4CAA-A462-E28320BF5356} = {83666758-1B6D-47FB-B37A-F8E609732836}
		{27B29608-62C3-42EF-B04E-E18791AEA0A1} = {66FFBE0B-1C91-4811-95BE-19923F0140CC}
	EndGlobalSection
	GlobalSection(ExtensibilityGlobals) = postSolution
		SolutionGuid = {01BA513B-6C9F-441B-AEFA-0C16A9E03656}
	EndGlobalSection
EndGlobal
