
Microsoft Visual Studio Solution File, Format Version 12.00
# Visual Studio Version 17
VisualStudioVersion = 17.7.34024.191
MinimumVisualStudioVersion = 10.0.40219.1
Project("{FAE04EC0-301F-11D3-BF4B-00C04F79EFBC}") = "BibliotecaDigital.Data", "BibliotecaDigital.Data\BibliotecaDigital.Data.csproj", "{57CFA6E7-0CC2-4DD4-8D8B-B66978C7D1FB}"
EndProject
Global
	GlobalSection(SolutionConfigurationPlatforms) = preSolution
		Debug|Any CPU = Debug|Any CPU
		Release|Any CPU = Release|Any CPU
	EndGlobalSection
	GlobalSection(ProjectConfigurationPlatforms) = postSolution
		{57CFA6E7-0CC2-4DD4-8D8B-B66978C7D1FB}.Debug|Any CPU.ActiveCfg = Debug|Any CPU
		{57CFA6E7-0CC2-4DD4-8D8B-B66978C7D1FB}.Debug|Any CPU.Build.0 = Debug|Any CPU
		{57CFA6E7-0CC2-4DD4-8D8B-B66978C7D1FB}.Release|Any CPU.ActiveCfg = Release|Any CPU
		{57CFA6E7-0CC2-4DD4-8D8B-B66978C7D1FB}.Release|Any CPU.Build.0 = Release|Any CPU
	EndGlobalSection
	GlobalSection(SolutionProperties) = preSolution
		HideSolutionNode = FALSE
	EndGlobalSection
	GlobalSection(ExtensibilityGlobals) = postSolution
		SolutionGuid = {01BA513B-6C9F-441B-AEFA-0C16A9E03656}
	EndGlobalSection
EndGlobal
